
Microsoft Visual Studio Solution File, Format Version 12.00
# Visual Studio Version 16
VisualStudioVersion = 16.0.31205.134
MinimumVisualStudioVersion = 10.0.40219.1
Project("{FAE04EC0-301F-11D3-BF4B-00C04F79EFBC}") = "AplikacjaListaProduktów", "AplikacjaListaProduktów.csproj", "{B0585B3B-7B8A-4E36-B753-E33AE85B7732}"
EndProject
Global
	GlobalSection(SolutionConfigurationPlatforms) = preSolution
		Debug|Any CPU = Debug|Any CPU
		Release|Any CPU = Release|Any CPU
	EndGlobalSection
	GlobalSection(ProjectConfigurationPlatforms) = postSolution
		{B0585B3B-7B8A-4E36-B753-E33AE85B7732}.Debug|Any CPU.ActiveCfg = Debug|Any CPU
		{B0585B3B-7B8A-4E36-B753-E33AE85B7732}.Debug|Any CPU.Build.0 = Debug|Any CPU
		{B0585B3B-7B8A-4E36-B753-E33AE85B7732}.Release|Any CPU.ActiveCfg = Release|Any CPU
		{B0585B3B-7B8A-4E36-B753-E33AE85B7732}.Release|Any CPU.Build.0 = Release|Any CPU
	EndGlobalSection
	GlobalSection(SolutionProperties) = preSolution
		HideSolutionNode = FALSE
	EndGlobalSection
	GlobalSection(ExtensibilityGlobals) = postSolution
		SolutionGuid = {52511F83-A484-4C15-9557-1991F1C49D8B}
	EndGlobalSection
EndGlobal
